
Microsoft Visual Studio Solution File, Format Version 12.00
# Visual Studio 14
VisualStudioVersion = 14.0.23107.0
MinimumVisualStudioVersion = 10.0.40219.1
Project("{FAE04EC0-301F-11D3-BF4B-00C04F79EFBC}") = "Phoebe.Model", "Phoebe.Model\Phoebe.Model.csproj", "{5D9A347E-E452-4116-8DA3-C04E5A1ADAF2}"
EndProject
Project("{FAE04EC0-301F-11D3-BF4B-00C04F79EFBC}") = "Phoebe.Common", "Phoebe.Common\Phoebe.Common.csproj", "{52616E77-9DF3-41E5-B004-F8EA5BE4959A}"
EndProject
Project("{FAE04EC0-301F-11D3-BF4B-00C04F79EFBC}") = "Phoebe.Business", "Phoebe.Business\Phoebe.Business.csproj", "{A93232D5-F85C-471E-B8DD-16D59E965C54}"
EndProject
Project("{FAE04EC0-301F-11D3-BF4B-00C04F79EFBC}") = "Phoebe.FormUI", "Phoebe.FormUI\Phoebe.FormUI.csproj", "{BE4435BA-09A6-4805-A291-357D5EC91A1B}"
EndProject
Global
	GlobalSection(SolutionConfigurationPlatforms) = preSolution
		Debug|Any CPU = Debug|Any CPU
		Release|Any CPU = Release|Any CPU
	EndGlobalSection
	GlobalSection(ProjectConfigurationPlatforms) = postSolution
		{5D9A347E-E452-4116-8DA3-C04E5A1ADAF2}.Debug|Any CPU.ActiveCfg = Debug|Any CPU
		{5D9A347E-E452-4116-8DA3-C04E5A1ADAF2}.Debug|Any CPU.Build.0 = Debug|Any CPU
		{5D9A347E-E452-4116-8DA3-C04E5A1ADAF2}.Release|Any CPU.ActiveCfg = Release|Any CPU
		{5D9A347E-E452-4116-8DA3-C04E5A1ADAF2}.Release|Any CPU.Build.0 = Release|Any CPU
		{52616E77-9DF3-41E5-B004-F8EA5BE4959A}.Debug|Any CPU.ActiveCfg = Debug|Any CPU
		{52616E77-9DF3-41E5-B004-F8EA5BE4959A}.Debug|Any CPU.Build.0 = Debug|Any CPU
		{52616E77-9DF3-41E5-B004-F8EA5BE4959A}.Release|Any CPU.ActiveCfg = Release|Any CPU
		{52616E77-9DF3-41E5-B004-F8EA5BE4959A}.Release|Any CPU.Build.0 = Release|Any CPU
		{A93232D5-F85C-471E-B8DD-16D59E965C54}.Debug|Any CPU.ActiveCfg = Debug|Any CPU
		{A93232D5-F85C-471E-B8DD-16D59E965C54}.Debug|Any CPU.Build.0 = Debug|Any CPU
		{A93232D5-F85C-471E-B8DD-16D59E965C54}.Release|Any CPU.ActiveCfg = Release|Any CPU
		{A93232D5-F85C-471E-B8DD-16D59E965C54}.Release|Any CPU.Build.0 = Release|Any CPU
		{BE4435BA-09A6-4805-A291-357D5EC91A1B}.Debug|Any CPU.ActiveCfg = Debug|Any CPU
		{BE4435BA-09A6-4805-A291-357D5EC91A1B}.Debug|Any CPU.Build.0 = Debug|Any CPU
		{BE4435BA-09A6-4805-A291-357D5EC91A1B}.Release|Any CPU.ActiveCfg = Release|Any CPU
		{BE4435BA-09A6-4805-A291-357D5EC91A1B}.Release|Any CPU.Build.0 = Release|Any CPU
	EndGlobalSection
	GlobalSection(SolutionProperties) = preSolution
		HideSolutionNode = FALSE
	EndGlobalSection
EndGlobal
